
Microsoft Visual Studio Solution File, Format Version 12.00
# Visual Studio Express 2013 for Web
VisualStudioVersion = 12.0.30723.0
MinimumVisualStudioVersion = 10.0.40219.1
Project("{FAE04EC0-301F-11D3-BF4B-00C04F79EFBC}") = "Responsive", "Website\Responsive.csproj", "{09CFEFA7-ABC0-4EB5-A15F-994BB5A751D4}"
EndProject
Project("{FAE04EC0-301F-11D3-BF4B-00C04F79EFBC}") = "Library", "Library\Library.csproj", "{73F495AA-A5FD-462D-8BB4-7E176B51C187}"
EndProject
Project("{FAE04EC0-301F-11D3-BF4B-00C04F79EFBC}") = "Cms", "Cms\Cms.csproj", "{3A64ECCA-369F-465B-9C6C-68924021FDB6}"
EndProject
Global
	GlobalSection(SolutionConfigurationPlatforms) = preSolution
		Debug|Any CPU = Debug|Any CPU
		Release|Any CPU = Release|Any CPU
	EndGlobalSection
	GlobalSection(ProjectConfigurationPlatforms) = postSolution
		{09CFEFA7-ABC0-4EB5-A15F-994BB5A751D4}.Debug|Any CPU.ActiveCfg = Debug|Any CPU
		{09CFEFA7-ABC0-4EB5-A15F-994BB5A751D4}.Debug|Any CPU.Build.0 = Debug|Any CPU
		{09CFEFA7-ABC0-4EB5-A15F-994BB5A751D4}.Release|Any CPU.ActiveCfg = Release|Any CPU
		{09CFEFA7-ABC0-4EB5-A15F-994BB5A751D4}.Release|Any CPU.Build.0 = Release|Any CPU
		{73F495AA-A5FD-462D-8BB4-7E176B51C187}.Debug|Any CPU.ActiveCfg = Debug|Any CPU
		{73F495AA-A5FD-462D-8BB4-7E176B51C187}.Debug|Any CPU.Build.0 = Debug|Any CPU
		{73F495AA-A5FD-462D-8BB4-7E176B51C187}.Release|Any CPU.ActiveCfg = Release|Any CPU
		{73F495AA-A5FD-462D-8BB4-7E176B51C187}.Release|Any CPU.Build.0 = Release|Any CPU
		{3A64ECCA-369F-465B-9C6C-68924021FDB6}.Debug|Any CPU.ActiveCfg = Debug|Any CPU
		{3A64ECCA-369F-465B-9C6C-68924021FDB6}.Debug|Any CPU.Build.0 = Debug|Any CPU
		{3A64ECCA-369F-465B-9C6C-68924021FDB6}.Release|Any CPU.ActiveCfg = Release|Any CPU
		{3A64ECCA-369F-465B-9C6C-68924021FDB6}.Release|Any CPU.Build.0 = Release|Any CPU
	EndGlobalSection
	GlobalSection(SolutionProperties) = preSolution
		HideSolutionNode = FALSE
	EndGlobalSection
EndGlobal
